{
  "name": "playground",
  "version": "1.0.0",
  "lockfileVersion": 2,
  "requires": true,
  "packages": {
    "": {
      "name": "playground",
      "license": "ISC",
      "dependencies": {
        "jetpackjs": "^0.0.2-development",
        "typescript": "^5.3.3"
      }
    },
    "node_modules/jetpackjs": {
      "version": "0.0.2-development",
      "resolved": "https://registry.npmjs.org/jetpackjs/-/jetpackjs-0.0.2-development.tgz",
      "integrity": "sha512-/2fSUjGlHdWFGLB1YqdDD507l6y1aoKf3N5t3JQQdOZxT7m42DdJtwVy0+4zDTYDEIm/tXtPmi6p7F4Tx/nw3Q==",
      "engines": {
        "node": ">=12.0"
      }
    },
    "node_modules/typescript": {
      "version": "5.3.3",
      "resolved": "https://registry.npmjs.org/typescript/-/typescript-5.3.3.tgz",
      "integrity": "sha512-pXWcraxM0uxAS+tN0AG/BF2TyqmHO014Z070UsJ+pFvYuRSq8KH8DmWpnbXe0pEPDHXZV3FcAbJkijJ5oNEnWw==",
      "bin": {
        "tsc": "bin/tsc",
        "tsserver": "bin/tsserver"
      },
      "engines": {
        "node": ">=14.17"
      }
    }
  },
  "dependencies": {
    "jetpackjs": {
      "version": "0.0.2-development",
      "resolved": "https://registry.npmjs.org/jetpackjs/-/jetpackjs-0.0.2-development.tgz",
      "integrity": "sha512-/2fSUjGlHdWFGLB1YqdDD507l6y1aoKf3N5t3JQQdOZxT7m42DdJtwVy0+4zDTYDEIm/tXtPmi6p7F4Tx/nw3Q=="
    },
    "typescript": {
      "version": "5.3.3",
      "resolved": "https://registry.npmjs.org/typescript/-/typescript-5.3.3.tgz",
      "integrity": "sha512-pXWcraxM0uxAS+tN0AG/BF2TyqmHO014Z070UsJ+pFvYuRSq8KH8DmWpnbXe0pEPDHXZV3FcAbJkijJ5oNEnWw=="
    }
  }
}
